
Microsoft Visual Studio Solution File, Format Version 12.00
# Visual Studio Version 17
VisualStudioVersion = 17.11.35222.181
MinimumVisualStudioVersion = 10.0.40219.1
Project("{FAE04EC0-301F-11D3-BF4B-00C04F79EFBC}") = "GCSCalculator", "GCSCalculator\GCSCalculator.csproj", "{F87CED59-CF66-4D4E-829D-71827D0D596F}"
EndProject
Global
	GlobalSection(SolutionConfigurationPlatforms) = preSolution
		Debug|Any CPU = Debug|Any CPU
		Release|Any CPU = Release|Any CPU
	EndGlobalSection
	GlobalSection(ProjectConfigurationPlatforms) = postSolution
		{F87CED59-CF66-4D4E-829D-71827D0D596F}.Debug|Any CPU.ActiveCfg = Debug|Any CPU
		{F87CED59-CF66-4D4E-829D-71827D0D596F}.Debug|Any CPU.Build.0 = Debug|Any CPU
		{F87CED59-CF66-4D4E-829D-71827D0D596F}.Release|Any CPU.ActiveCfg = Release|Any CPU
		{F87CED59-CF66-4D4E-829D-71827D0D596F}.Release|Any CPU.Build.0 = Release|Any CPU
	EndGlobalSection
	GlobalSection(SolutionProperties) = preSolution
		HideSolutionNode = FALSE
	EndGlobalSection
	GlobalSection(ExtensibilityGlobals) = postSolution
		SolutionGuid = {3C6547A6-1381-4317-8419-2F1052B7E859}
	EndGlobalSection
EndGlobal
